
Microsoft Visual Studio Solution File, Format Version 12.00
# Visual Studio Version 16
VisualStudioVersion = 16.0.28803.156
MinimumVisualStudioVersion = 10.0.40219.1
Project("{888888A0-9F3D-457C-B088-3A5042F75D52}") = "Cours Test", "Cours Test\Cours Test.pyproj", "{D3119458-5DAD-49C8-A698-41D7C138120F}"
EndProject
Global
	GlobalSection(SolutionConfigurationPlatforms) = preSolution
		Debug|Any CPU = Debug|Any CPU
		Release|Any CPU = Release|Any CPU
	EndGlobalSection
	GlobalSection(ProjectConfigurationPlatforms) = postSolution
		{D3119458-5DAD-49C8-A698-41D7C138120F}.Debug|Any CPU.ActiveCfg = Debug|Any CPU
		{D3119458-5DAD-49C8-A698-41D7C138120F}.Release|Any CPU.ActiveCfg = Release|Any CPU
	EndGlobalSection
	GlobalSection(SolutionProperties) = preSolution
		HideSolutionNode = FALSE
	EndGlobalSection
	GlobalSection(ExtensibilityGlobals) = postSolution
		SolutionGuid = {5E90C1B2-35E0-45F8-B942-2175F4DCED79}
	EndGlobalSection
EndGlobal
